
Microsoft Visual Studio Solution File, Format Version 12.00
# Visual Studio Version 16
VisualStudioVersion = 16.0.32126.315
MinimumVisualStudioVersion = 10.0.40219.1
Project("{FAE04EC0-301F-11D3-BF4B-00C04F79EFBC}") = "menu", "menu\menu.csproj", "{FF03E8CE-3F06-42DD-9CB9-8BB87DFA7486}"
EndProject
Global
	GlobalSection(SolutionConfigurationPlatforms) = preSolution
		Debug|Any CPU = Debug|Any CPU
		Release|Any CPU = Release|Any CPU
	EndGlobalSection
	GlobalSection(ProjectConfigurationPlatforms) = postSolution
		{FF03E8CE-3F06-42DD-9CB9-8BB87DFA7486}.Debug|Any CPU.ActiveCfg = Debug|Any CPU
		{FF03E8CE-3F06-42DD-9CB9-8BB87DFA7486}.Debug|Any CPU.Build.0 = Debug|Any CPU
		{FF03E8CE-3F06-42DD-9CB9-8BB87DFA7486}.Release|Any CPU.ActiveCfg = Release|Any CPU
		{FF03E8CE-3F06-42DD-9CB9-8BB87DFA7486}.Release|Any CPU.Build.0 = Release|Any CPU
	EndGlobalSection
	GlobalSection(SolutionProperties) = preSolution
		HideSolutionNode = FALSE
	EndGlobalSection
	GlobalSection(ExtensibilityGlobals) = postSolution
		SolutionGuid = {79B5412C-2AF5-4DE5-8B5D-2CD7D928669B}
	EndGlobalSection
EndGlobal
